
Microsoft Visual Studio Solution File, Format Version 12.00
# Visual Studio Version 16
VisualStudioVersion = 16.0.809.1
MinimumVisualStudioVersion = 10.0.40219.1
Project("{FAE04EC0-301F-11D3-BF4B-00C04F79EFBC}") = "FizzBuzzWhizz", "FizzBuzzWhizz\FizzBuzzWhizz.csproj", "{57492976-25DF-47DA-98D4-518019F5A3A9}"
EndProject
Global
	GlobalSection(SolutionConfigurationPlatforms) = preSolution
		Debug|Any CPU = Debug|Any CPU
		Release|Any CPU = Release|Any CPU
	EndGlobalSection
	GlobalSection(ProjectConfigurationPlatforms) = postSolution
		{57492976-25DF-47DA-98D4-518019F5A3A9}.Debug|Any CPU.ActiveCfg = Debug|Any CPU
		{57492976-25DF-47DA-98D4-518019F5A3A9}.Debug|Any CPU.Build.0 = Debug|Any CPU
		{57492976-25DF-47DA-98D4-518019F5A3A9}.Release|Any CPU.ActiveCfg = Release|Any CPU
		{57492976-25DF-47DA-98D4-518019F5A3A9}.Release|Any CPU.Build.0 = Release|Any CPU
	EndGlobalSection
	GlobalSection(SolutionProperties) = preSolution
		HideSolutionNode = FALSE
	EndGlobalSection
	GlobalSection(ExtensibilityGlobals) = postSolution
		SolutionGuid = {BDD84BC1-A19B-4869-8EAE-9E848BC98C0F}
	EndGlobalSection
EndGlobal
